// !$*UTF8*$!
{
	archiveVersion = 1;
	classes = {
	};
	objectVersion = 54;
	objects = {

/* Begin PBXBuildFile section */
		00E356F31AD99517003FC87E /* coffee_shopTests.m in Sources */ = {isa = PBXBuildFile; fileRef = 00E356F21AD99517003FC87E /* coffee_shopTests.m */; };
		04F1C442F58149859492466C /* Poppins-SemiBold.ttf in Resources */ = {isa = PBXBuildFile; fileRef = 8F3BF20AD3B54264BF57E1B2 /* Poppins-SemiBold.ttf */; };
		06EBAD63D1964C678C756BA8 /* Poppins-Black.ttf in Resources */ = {isa = PBXBuildFile; fileRef = 1E0D8C7981A946E08C5B90F2 /* Poppins-Black.ttf */; };
		0C80B921A6F3F58F76C31292 /* libPods-coffee_shop.a in Frameworks */ = {isa = PBXBuildFile; fileRef = 5DCACB8F33CDC322A6C60F78 /* libPods-coffee_shop.a */; };
		0D9F89F22C964D81915D97DA /* robusta_coffee_beans_portrait.png in Resources */ = {isa = PBXBuildFile; fileRef = 87E6BF97C15049CDB4E17DF0 /* robusta_coffee_beans_portrait.png */; };
		0EDDAA96AA7E40B7851563E7 /* espresso_pic_1_portrait.png in Resources */ = {isa = PBXBuildFile; fileRef = 5BBE2D36701747FAAA92CBC3 /* espresso_pic_1_portrait.png */; };
		102C77054F1B427AA2A073FF /* Poppins-Bold.ttf in Resources */ = {isa = PBXBuildFile; fileRef = 37FCAD37EF40486BBCEBFE1B /* Poppins-Bold.ttf */; };
		10C7F786434147B9A3004FF7 /* excelsa_coffee_beans_portrait.png in Resources */ = {isa = PBXBuildFile; fileRef = EDD2916F62BC461E98D19456 /* excelsa_coffee_beans_portrait.png */; };
		113216AAF48D482AA373E525 /* americano_pic_3_portrait.png in Resources */ = {isa = PBXBuildFile; fileRef = 952F2D39E77F4E1B90AD7A3F /* americano_pic_3_portrait.png */; };
		13B07FBC1A68108700A75B9A /* AppDelegate.mm in Sources */ = {isa = PBXBuildFile; fileRef = 13B07FB01A68108700A75B9A /* AppDelegate.mm */; };
		13B07FBF1A68108700A75B9A /* Images.xcassets in Resources */ = {isa = PBXBuildFile; fileRef = 13B07FB51A68108700A75B9A /* Images.xcassets */; };
		13B07FC11A68108700A75B9A /* main.m in Sources */ = {isa = PBXBuildFile; fileRef = 13B07FB71A68108700A75B9A /* main.m */; };
		1990A36E44384DA383566069 /* cappuccino_pic_3_square.png in Resources */ = {isa = PBXBuildFile; fileRef = 6F79D16E470C40FE866EAABF /* cappuccino_pic_3_square.png */; };
		1E717AC2FF4A4285909FA4E6 /* cappuccino_pic_3_portrait.png in Resources */ = {isa = PBXBuildFile; fileRef = 430A9A3D41D2465CACCE2A69 /* cappuccino_pic_3_portrait.png */; };
		25EF1D10D1574BD7868A16A3 /* black_coffee_pic_2_square.png in Resources */ = {isa = PBXBuildFile; fileRef = 76A5048B5BF1489CBB6883B0 /* black_coffee_pic_2_square.png */; };
		2CD761DE9A3F438A9D526A49 /* macchiato_pic_3_square.png in Resources */ = {isa = PBXBuildFile; fileRef = 0D9DA0999BBA4378A95D1721 /* macchiato_pic_3_square.png */; };
		4700293F424A4B19AAD074F9 /* espresso_pic_3_portrait.png in Resources */ = {isa = PBXBuildFile; fileRef = 52782471BAEE4915A5729428 /* espresso_pic_3_portrait.png */; };
		4795F6523EB44DBE846D492F /* cappuccino_pic_2_square.png in Resources */ = {isa = PBXBuildFile; fileRef = E40B9C30C265434490287E01 /* cappuccino_pic_2_square.png */; };
		48153C31A33E404BB44978E2 /* applepay.png in Resources */ = {isa = PBXBuildFile; fileRef = 3689820485DF411FBD47552A /* applepay.png */; };
		4976AEFF4500412194B3A6C9 /* latte_pic_3_portrait.png in Resources */ = {isa = PBXBuildFile; fileRef = 619B9F99C3F64A8C83746C43 /* latte_pic_3_portrait.png */; };
		4E904162CAA244DF976613B5 /* arabica_coffee_beans_square.png in Resources */ = {isa = PBXBuildFile; fileRef = F9C6742D24D74514B9C38439 /* arabica_coffee_beans_square.png */; };
		5887FE93EDD34B4AB8502F38 /* espresso_pic_3_square.png in Resources */ = {isa = PBXBuildFile; fileRef = 917716A1F3BB4BA583C3714F /* espresso_pic_3_square.png */; };
		592CA549E3C64AF492A399DC /* avatar.png in Resources */ = {isa = PBXBuildFile; fileRef = 9D57177FE12D4786A0D9F922 /* avatar.png */; };
		5CE9A7540AAA4A2CA0F6BCD1 /* espresso_pic_2_portrait.png in Resources */ = {isa = PBXBuildFile; fileRef = 8EBE0580ED5243E2A724699B /* espresso_pic_2_portrait.png */; };
		5DA5FEB58B234B2AABC742AE /* macchiato_pic_1_portrait.png in Resources */ = {isa = PBXBuildFile; fileRef = A80910573F1B4ABB8C7EF525 /* macchiato_pic_1_portrait.png */; };
		60EF5A64992D4952A51A3D84 /* gpay.png in Resources */ = {isa = PBXBuildFile; fileRef = BDB83DCB218B43489BDCC7B1 /* gpay.png */; };
		628317E8FFEE46358A7C2C41 /* americano_pic_3_square.png in Resources */ = {isa = PBXBuildFile; fileRef = 46F090A32CA24A7EA341E729 /* americano_pic_3_square.png */; };
		636D1607717C4D2CB473EDDA /* amazonpay.png in Resources */ = {isa = PBXBuildFile; fileRef = BEA226946AB4405EB4B7DD6D /* amazonpay.png */; };
		6521CB4A153445D086D5FA4E /* latte_pic_2_portrait.png in Resources */ = {isa = PBXBuildFile; fileRef = 447D39F1195E48BC8B7D6D8D /* latte_pic_2_portrait.png */; };
		7699B88040F8A987B510C191 /* libPods-coffee_shop-coffee_shopTests.a in Frameworks */ = {isa = PBXBuildFile; fileRef = 19F6CBCC0A4E27FBF8BF4A61 /* libPods-coffee_shop-coffee_shopTests.a */; };
		79074A215D434BEF9F254BBF /* app_icons.ttf in Resources */ = {isa = PBXBuildFile; fileRef = 02EE86100364442586C4904F /* app_icons.ttf */; };
		7A68E2E269A44C4DA4DEFF4E /* espresso_pic_1_square.png in Resources */ = {isa = PBXBuildFile; fileRef = A51AE3F3DEA44BF4B07EF547 /* espresso_pic_1_square.png */; };
		7AC02541B0684288890C4472 /* Poppins-Regular.ttf in Resources */ = {isa = PBXBuildFile; fileRef = 5788AF174A564B1B82E3756D /* Poppins-Regular.ttf */; };
		81AB9BB82411601600AC10FF /* LaunchScreen.storyboard in Resources */ = {isa = PBXBuildFile; fileRef = 81AB9BB72411601600AC10FF /* LaunchScreen.storyboard */; };
		85978AD9D70A4BF688B4572E /* liberica_coffee_beans_portrait.png in Resources */ = {isa = PBXBuildFile; fileRef = 8BB92D93EC35473EA6108A90 /* liberica_coffee_beans_portrait.png */; };
		892BE9A80F734F6C96367C08 /* Poppins-ExtraBold.ttf in Resources */ = {isa = PBXBuildFile; fileRef = F7CB65C412FE43A68CC2F6A8 /* Poppins-ExtraBold.ttf */; };
		94950917C16A4C858326A49E /* cappuccino_pic_2_portrait.png in Resources */ = {isa = PBXBuildFile; fileRef = CA7A3567F3C4452DA33469CC /* cappuccino_pic_2_portrait.png */; };
		951D1553D2FF49B38E47AC76 /* americano_pic_1_portrait.png in Resources */ = {isa = PBXBuildFile; fileRef = 199C4E9F09E24D2E83D2AC18 /* americano_pic_1_portrait.png */; };
		9A013224AA9F43C1AFDBEE51 /* latte_pic_1_portrait.png in Resources */ = {isa = PBXBuildFile; fileRef = 22250B33475E4D07AA2F44B1 /* latte_pic_1_portrait.png */; };
		9B66FD4084ED4C648CC69082 /* Poppins-Medium.ttf in Resources */ = {isa = PBXBuildFile; fileRef = B50AA2264C9C432C86BB215F /* Poppins-Medium.ttf */; };
		A6E35D66FD6A4C0483C05CCE /* Poppins-Thin.ttf in Resources */ = {isa = PBXBuildFile; fileRef = 40D0378ACDC34240890A7A60 /* Poppins-Thin.ttf */; };
		A9ACD58E080046128DC1B7A8 /* Poppins-ExtraLight.ttf in Resources */ = {isa = PBXBuildFile; fileRef = 240213E3C0B442F3907E3A53 /* Poppins-ExtraLight.ttf */; };
		AA80E45B3A44426FA7A12B37 /* macchiato_pic_2_square.png in Resources */ = {isa = PBXBuildFile; fileRef = 3307F80C98F045FAB9C19EF7 /* macchiato_pic_2_square.png */; };
		B522875E430D4AE29A7D76DA /* macchiato_pic_1_square.png in Resources */ = {isa = PBXBuildFile; fileRef = 5A7A03DB014241FC85FCDA67 /* macchiato_pic_1_square.png */; };
		B7BDB3295DC54579895BA0E5 /* macchiato_pic_3_portrait.png in Resources */ = {isa = PBXBuildFile; fileRef = 3278D08C3B244014BE3FDACA /* macchiato_pic_3_portrait.png */; };
		B8F74CBBEACD4F21B6284238 /* black_coffee_pic_3_square.png in Resources */ = {isa = PBXBuildFile; fileRef = 539B953CAD994323804CADDD /* black_coffee_pic_3_square.png */; };
		BC76C71869204CBCA8C4D4C3 /* Poppins-Light.ttf in Resources */ = {isa = PBXBuildFile; fileRef = 8184301AC1CB480381849CF2 /* Poppins-Light.ttf */; };
		C6450E99CB7E415C97A6F248 /* latte_pic_1_square.png in Resources */ = {isa = PBXBuildFile; fileRef = 239A3261F4FB424A916CA560 /* latte_pic_1_square.png */; };
		C6D1C729722C44E2BCFA2658 /* americano_pic_1_square.png in Resources */ = {isa = PBXBuildFile; fileRef = 06E28F8AB865485C91950CF0 /* americano_pic_1_square.png */; };
		C94FE33CFC5C48998048C5F7 /* latte_pic_2_square.png in Resources */ = {isa = PBXBuildFile; fileRef = B7CB68DC6E654C46BE90E401 /* latte_pic_2_square.png */; };
		C967148FCC6F4804957A18EC /* americano_pic_2_portrait.png in Resources */ = {isa = PBXBuildFile; fileRef = 6393DC6301C74C78A2ABE517 /* americano_pic_2_portrait.png */; };
		CEC87AAA149142F8B529E264 /* liberica_coffee_beans_square.png in Resources */ = {isa = PBXBuildFile; fileRef = 017B0CC0EFF544A49371CC14 /* liberica_coffee_beans_square.png */; };
		D01349D60473407D952CB7DC /* americano_pic_2_square.png in Resources */ = {isa = PBXBuildFile; fileRef = 960AB861BE434556BC575948 /* americano_pic_2_square.png */; };
		D26E0EF6FB144046A5532D32 /* robusta_coffee_beans_square.png in Resources */ = {isa = PBXBuildFile; fileRef = 156C21F4C8004F1F9FAEABB5 /* robusta_coffee_beans_square.png */; };
		D2E0D0F1423A466D879C88D5 /* latte_pic_3_square.png in Resources */ = {isa = PBXBuildFile; fileRef = B2A7AD6BBDC54715A44F5899 /* latte_pic_3_square.png */; };
		DBCB3776D815443BBC38DB84 /* arabica_coffee_beans_portrait.png in Resources */ = {isa = PBXBuildFile; fileRef = C7C75133B772425CAC4D732E /* arabica_coffee_beans_portrait.png */; };
		DF8BD4CE6D3F423DB081CF99 /* black_coffee_pic_2_portrait.png in Resources */ = {isa = PBXBuildFile; fileRef = 1EF3CE30E1C24BB4A47B7544 /* black_coffee_pic_2_portrait.png */; };
		E2D89D53A2A8459F9D460E44 /* cappuccino_pic_1_portrait.png in Resources */ = {isa = PBXBuildFile; fileRef = 9EE505BDF5054519B48C2D15 /* cappuccino_pic_1_portrait.png */; };
		EF5DA7513AEB4AF0B425B8E4 /* black_coffee_pic_1_portrait.png in Resources */ = {isa = PBXBuildFile; fileRef = 75CF2C01FAF741F1A7840970 /* black_coffee_pic_1_portrait.png */; };
		F00359CE5D7C426C94C6326C /* cappuccino_pic_1_square.png in Resources */ = {isa = PBXBuildFile; fileRef = 73C5EA78D78D499A83BC5399 /* cappuccino_pic_1_square.png */; };
		F17FBE2BC2824D82B961C36A /* macchiato_pic_2_portrait.png in Resources */ = {isa = PBXBuildFile; fileRef = CDCAB5793010437A973E4EDB /* macchiato_pic_2_portrait.png */; };
		F1E1321D1105467EA953456C /* espresso_pic_2_square.png in Resources */ = {isa = PBXBuildFile; fileRef = A1E3ED6D19694F3292488BD3 /* espresso_pic_2_square.png */; };
		F94E2256B29F4C9186EFCA14 /* black_coffee_pic_3_portrait.png in Resources */ = {isa = PBXBuildFile; fileRef = 4DF0AB1AC1984D04B13857CF /* black_coffee_pic_3_portrait.png */; };
		F9F4F68A082B4264891A0979 /* excelsa_coffee_beans_square.png in Resources */ = {isa = PBXBuildFile; fileRef = 591E553458F343FA8B5AD5BD /* excelsa_coffee_beans_square.png */; };
		FAC21166735D449090B7F609 /* black_coffee_pic_1_square.png in Resources */ = {isa = PBXBuildFile; fileRef = 739D3314DF9E4F8D9CA3F522 /* black_coffee_pic_1_square.png */; };
/* End PBXBuildFile section */

/* Begin PBXContainerItemProxy section */
		00E356F41AD99517003FC87E /* PBXContainerItemProxy */ = {
			isa = PBXContainerItemProxy;
			containerPortal = 83CBB9F71A601CBA00E9B192 /* Project object */;
			proxyType = 1;
			remoteGlobalIDString = 13B07F861A680F5B00A75B9A;
			remoteInfo = coffee_shop;
		};
/* End PBXContainerItemProxy section */

/* Begin PBXFileReference section */
		00E356EE1AD99517003FC87E /* coffee_shopTests.xctest */ = {isa = PBXFileReference; explicitFileType = wrapper.cfbundle; includeInIndex = 0; path = coffee_shopTests.xctest; sourceTree = BUILT_PRODUCTS_DIR; };
		00E356F11AD99517003FC87E /* Info.plist */ = {isa = PBXFileReference; lastKnownFileType = text.plist.xml; path = Info.plist; sourceTree = "<group>"; };
		00E356F21AD99517003FC87E /* coffee_shopTests.m */ = {isa = PBXFileReference; lastKnownFileType = sourcecode.c.objc; path = coffee_shopTests.m; sourceTree = "<group>"; };
		017B0CC0EFF544A49371CC14 /* liberica_coffee_beans_square.png */ = {isa = PBXFileReference; explicitFileType = undefined; fileEncoding = 9; includeInIndex = 0; lastKnownFileType = unknown; name = liberica_coffee_beans_square.png; path = ../src/assets/coffee_assets/liberica_coffee_beans/liberica_coffee_beans_square.png; sourceTree = "<group>"; };
		02EE86100364442586C4904F /* app_icons.ttf */ = {isa = PBXFileReference; explicitFileType = undefined; fileEncoding = 9; includeInIndex = 0; lastKnownFileType = unknown; name = app_icons.ttf; path = ../src/assets/fonts/app_icons.ttf; sourceTree = "<group>"; };
		06E28F8AB865485C91950CF0 /* americano_pic_1_square.png */ = {isa = PBXFileReference; explicitFileType = undefined; fileEncoding = 9; includeInIndex = 0; lastKnownFileType = unknown; name = americano_pic_1_square.png; path = ../src/assets/coffee_assets/americano/square/americano_pic_1_square.png; sourceTree = "<group>"; };
		0D9DA0999BBA4378A95D1721 /* macchiato_pic_3_square.png */ = {isa = PBXFileReference; explicitFileType = undefined; fileEncoding = 9; includeInIndex = 0; lastKnownFileType = unknown; name = macchiato_pic_3_square.png; path = ../src/assets/coffee_assets/macchiato/square/macchiato_pic_3_square.png; sourceTree = "<group>"; };
		13B07F961A680F5B00A75B9A /* coffee_shop.app */ = {isa = PBXFileReference; explicitFileType = wrapper.application; includeInIndex = 0; path = coffee_shop.app; sourceTree = BUILT_PRODUCTS_DIR; };
		13B07FAF1A68108700A75B9A /* AppDelegate.h */ = {isa = PBXFileReference; fileEncoding = 4; lastKnownFileType = sourcecode.c.h; name = AppDelegate.h; path = coffee_shop/AppDelegate.h; sourceTree = "<group>"; };
		13B07FB01A68108700A75B9A /* AppDelegate.mm */ = {isa = PBXFileReference; fileEncoding = 4; lastKnownFileType = sourcecode.cpp.objcpp; name = AppDelegate.mm; path = coffee_shop/AppDelegate.mm; sourceTree = "<group>"; };
		13B07FB51A68108700A75B9A /* Images.xcassets */ = {isa = PBXFileReference; lastKnownFileType = folder.assetcatalog; name = Images.xcassets; path = coffee_shop/Images.xcassets; sourceTree = "<group>"; };
		13B07FB61A68108700A75B9A /* Info.plist */ = {isa = PBXFileReference; fileEncoding = 4; lastKnownFileType = text.plist.xml; name = Info.plist; path = coffee_shop/Info.plist; sourceTree = "<group>"; };
		13B07FB71A68108700A75B9A /* main.m */ = {isa = PBXFileReference; fileEncoding = 4; lastKnownFileType = sourcecode.c.objc; name = main.m; path = coffee_shop/main.m; sourceTree = "<group>"; };
		156C21F4C8004F1F9FAEABB5 /* robusta_coffee_beans_square.png */ = {isa = PBXFileReference; explicitFileType = undefined; fileEncoding = 9; includeInIndex = 0; lastKnownFileType = unknown; name = robusta_coffee_beans_square.png; path = ../src/assets/coffee_assets/robusta_coffee_beans/robusta_coffee_beans_square.png; sourceTree = "<group>"; };
		199C4E9F09E24D2E83D2AC18 /* americano_pic_1_portrait.png */ = {isa = PBXFileReference; explicitFileType = undefined; fileEncoding = 9; includeInIndex = 0; lastKnownFileType = unknown; name = americano_pic_1_portrait.png; path = ../src/assets/coffee_assets/americano/portrait/americano_pic_1_portrait.png; sourceTree = "<group>"; };
		19F6CBCC0A4E27FBF8BF4A61 /* libPods-coffee_shop-coffee_shopTests.a */ = {isa = PBXFileReference; explicitFileType = archive.ar; includeInIndex = 0; path = "libPods-coffee_shop-coffee_shopTests.a"; sourceTree = BUILT_PRODUCTS_DIR; };
		1E0D8C7981A946E08C5B90F2 /* Poppins-Black.ttf */ = {isa = PBXFileReference; explicitFileType = undefined; fileEncoding = 9; includeInIndex = 0; lastKnownFileType = unknown; name = "Poppins-Black.ttf"; path = "../src/assets/fonts/Poppins-Black.ttf"; sourceTree = "<group>"; };
		1EF3CE30E1C24BB4A47B7544 /* black_coffee_pic_2_portrait.png */ = {isa = PBXFileReference; explicitFileType = undefined; fileEncoding = 9; includeInIndex = 0; lastKnownFileType = unknown; name = black_coffee_pic_2_portrait.png; path = ../src/assets/coffee_assets/black_coffee/portrait/black_coffee_pic_2_portrait.png; sourceTree = "<group>"; };
		22250B33475E4D07AA2F44B1 /* latte_pic_1_portrait.png */ = {isa = PBXFileReference; explicitFileType = undefined; fileEncoding = 9; includeInIndex = 0; lastKnownFileType = unknown; name = latte_pic_1_portrait.png; path = ../src/assets/coffee_assets/latte/portrait/latte_pic_1_portrait.png; sourceTree = "<group>"; };
		239A3261F4FB424A916CA560 /* latte_pic_1_square.png */ = {isa = PBXFileReference; explicitFileType = undefined; fileEncoding = 9; includeInIndex = 0; lastKnownFileType = unknown; name = latte_pic_1_square.png; path = ../src/assets/coffee_assets/latte/square/latte_pic_1_square.png; sourceTree = "<group>"; };
		240213E3C0B442F3907E3A53 /* Poppins-ExtraLight.ttf */ = {isa = PBXFileReference; explicitFileType = undefined; fileEncoding = 9; includeInIndex = 0; lastKnownFileType = unknown; name = "Poppins-ExtraLight.ttf"; path = "../src/assets/fonts/Poppins-ExtraLight.ttf"; sourceTree = "<group>"; };
		3278D08C3B244014BE3FDACA /* macchiato_pic_3_portrait.png */ = {isa = PBXFileReference; explicitFileType = undefined; fileEncoding = 9; includeInIndex = 0; lastKnownFileType = unknown; name = macchiato_pic_3_portrait.png; path = ../src/assets/coffee_assets/macchiato/portrait/macchiato_pic_3_portrait.png; sourceTree = "<group>"; };
		3307F80C98F045FAB9C19EF7 /* macchiato_pic_2_square.png */ = {isa = PBXFileReference; explicitFileType = undefined; fileEncoding = 9; includeInIndex = 0; lastKnownFileType = unknown; name = macchiato_pic_2_square.png; path = ../src/assets/coffee_assets/macchiato/square/macchiato_pic_2_square.png; sourceTree = "<group>"; };
		3689820485DF411FBD47552A /* applepay.png */ = {isa = PBXFileReference; explicitFileType = undefined; fileEncoding = 9; includeInIndex = 0; lastKnownFileType = unknown; name = applepay.png; path = ../src/assets/app_images/applepay.png; sourceTree = "<group>"; };
		37FCAD37EF40486BBCEBFE1B /* Poppins-Bold.ttf */ = {isa = PBXFileReference; explicitFileType = undefined; fileEncoding = 9; includeInIndex = 0; lastKnownFileType = unknown; name = "Poppins-Bold.ttf"; path = "../src/assets/fonts/Poppins-Bold.ttf"; sourceTree = "<group>"; };
		3B4392A12AC88292D35C810B /* Pods-coffee_shop.debug.xcconfig */ = {isa = PBXFileReference; includeInIndex = 1; lastKnownFileType = text.xcconfig; name = "Pods-coffee_shop.debug.xcconfig"; path = "Target Support Files/Pods-coffee_shop/Pods-coffee_shop.debug.xcconfig"; sourceTree = "<group>"; };
		40D0378ACDC34240890A7A60 /* Poppins-Thin.ttf */ = {isa = PBXFileReference; explicitFileType = undefined; fileEncoding = 9; includeInIndex = 0; lastKnownFileType = unknown; name = "Poppins-Thin.ttf"; path = "../src/assets/fonts/Poppins-Thin.ttf"; sourceTree = "<group>"; };
		430A9A3D41D2465CACCE2A69 /* cappuccino_pic_3_portrait.png */ = {isa = PBXFileReference; explicitFileType = undefined; fileEncoding = 9; includeInIndex = 0; lastKnownFileType = unknown; name = cappuccino_pic_3_portrait.png; path = ../src/assets/coffee_assets/cappuccino/portrait/cappuccino_pic_3_portrait.png; sourceTree = "<group>"; };
		447D39F1195E48BC8B7D6D8D /* latte_pic_2_portrait.png */ = {isa = PBXFileReference; explicitFileType = undefined; fileEncoding = 9; includeInIndex = 0; lastKnownFileType = unknown; name = latte_pic_2_portrait.png; path = ../src/assets/coffee_assets/latte/portrait/latte_pic_2_portrait.png; sourceTree = "<group>"; };
		46F090A32CA24A7EA341E729 /* americano_pic_3_square.png */ = {isa = PBXFileReference; explicitFileType = undefined; fileEncoding = 9; includeInIndex = 0; lastKnownFileType = unknown; name = americano_pic_3_square.png; path = ../src/assets/coffee_assets/americano/square/americano_pic_3_square.png; sourceTree = "<group>"; };
		4DF0AB1AC1984D04B13857CF /* black_coffee_pic_3_portrait.png */ = {isa = PBXFileReference; explicitFileType = undefined; fileEncoding = 9; includeInIndex = 0; lastKnownFileType = unknown; name = black_coffee_pic_3_portrait.png; path = ../src/assets/coffee_assets/black_coffee/portrait/black_coffee_pic_3_portrait.png; sourceTree = "<group>"; };
		52782471BAEE4915A5729428 /* espresso_pic_3_portrait.png */ = {isa = PBXFileReference; explicitFileType = undefined; fileEncoding = 9; includeInIndex = 0; lastKnownFileType = unknown; name = espresso_pic_3_portrait.png; path = ../src/assets/coffee_assets/espresso/portrait/espresso_pic_3_portrait.png; sourceTree = "<group>"; };
		539B953CAD994323804CADDD /* black_coffee_pic_3_square.png */ = {isa = PBXFileReference; explicitFileType = undefined; fileEncoding = 9; includeInIndex = 0; lastKnownFileType = unknown; name = black_coffee_pic_3_square.png; path = ../src/assets/coffee_assets/black_coffee/square/black_coffee_pic_3_square.png; sourceTree = "<group>"; };
		5709B34CF0A7D63546082F79 /* Pods-coffee_shop.release.xcconfig */ = {isa = PBXFileReference; includeInIndex = 1; lastKnownFileType = text.xcconfig; name = "Pods-coffee_shop.release.xcconfig"; path = "Target Support Files/Pods-coffee_shop/Pods-coffee_shop.release.xcconfig"; sourceTree = "<group>"; };
		5788AF174A564B1B82E3756D /* Poppins-Regular.ttf */ = {isa = PBXFileReference; explicitFileType = undefined; fileEncoding = 9; includeInIndex = 0; lastKnownFileType = unknown; name = "Poppins-Regular.ttf"; path = "../src/assets/fonts/Poppins-Regular.ttf"; sourceTree = "<group>"; };
		591E553458F343FA8B5AD5BD /* excelsa_coffee_beans_square.png */ = {isa = PBXFileReference; explicitFileType = undefined; fileEncoding = 9; includeInIndex = 0; lastKnownFileType = unknown; name = excelsa_coffee_beans_square.png; path = ../src/assets/coffee_assets/excelsa_coffee_beans/excelsa_coffee_beans_square.png; sourceTree = "<group>"; };
		5A7A03DB014241FC85FCDA67 /* macchiato_pic_1_square.png */ = {isa = PBXFileReference; explicitFileType = undefined; fileEncoding = 9; includeInIndex = 0; lastKnownFileType = unknown; name = macchiato_pic_1_square.png; path = ../src/assets/coffee_assets/macchiato/square/macchiato_pic_1_square.png; sourceTree = "<group>"; };
		5B7EB9410499542E8C5724F5 /* Pods-coffee_shop-coffee_shopTests.debug.xcconfig */ = {isa = PBXFileReference; includeInIndex = 1; lastKnownFileType = text.xcconfig; name = "Pods-coffee_shop-coffee_shopTests.debug.xcconfig"; path = "Target Support Files/Pods-coffee_shop-coffee_shopTests/Pods-coffee_shop-coffee_shopTests.debug.xcconfig"; sourceTree = "<group>"; };
		5BBE2D36701747FAAA92CBC3 /* espresso_pic_1_portrait.png */ = {isa = PBXFileReference; explicitFileType = undefined; fileEncoding = 9; includeInIndex = 0; lastKnownFileType = unknown; name = espresso_pic_1_portrait.png; path = ../src/assets/coffee_assets/espresso/portrait/espresso_pic_1_portrait.png; sourceTree = "<group>"; };
		5DCACB8F33CDC322A6C60F78 /* libPods-coffee_shop.a */ = {isa = PBXFileReference; explicitFileType = archive.ar; includeInIndex = 0; path = "libPods-coffee_shop.a"; sourceTree = BUILT_PRODUCTS_DIR; };
		619B9F99C3F64A8C83746C43 /* latte_pic_3_portrait.png */ = {isa = PBXFileReference; explicitFileType = undefined; fileEncoding = 9; includeInIndex = 0; lastKnownFileType = unknown; name = latte_pic_3_portrait.png; path = ../src/assets/coffee_assets/latte/portrait/latte_pic_3_portrait.png; sourceTree = "<group>"; };
		6393DC6301C74C78A2ABE517 /* americano_pic_2_portrait.png */ = {isa = PBXFileReference; explicitFileType = undefined; fileEncoding = 9; includeInIndex = 0; lastKnownFileType = unknown; name = americano_pic_2_portrait.png; path = ../src/assets/coffee_assets/americano/portrait/americano_pic_2_portrait.png; sourceTree = "<group>"; };
		6F79D16E470C40FE866EAABF /* cappuccino_pic_3_square.png */ = {isa = PBXFileReference; explicitFileType = undefined; fileEncoding = 9; includeInIndex = 0; lastKnownFileType = unknown; name = cappuccino_pic_3_square.png; path = ../src/assets/coffee_assets/cappuccino/square/cappuccino_pic_3_square.png; sourceTree = "<group>"; };
		739D3314DF9E4F8D9CA3F522 /* black_coffee_pic_1_square.png */ = {isa = PBXFileReference; explicitFileType = undefined; fileEncoding = 9; includeInIndex = 0; lastKnownFileType = unknown; name = black_coffee_pic_1_square.png; path = ../src/assets/coffee_assets/black_coffee/square/black_coffee_pic_1_square.png; sourceTree = "<group>"; };
		73C5EA78D78D499A83BC5399 /* cappuccino_pic_1_square.png */ = {isa = PBXFileReference; explicitFileType = undefined; fileEncoding = 9; includeInIndex = 0; lastKnownFileType = unknown; name = cappuccino_pic_1_square.png; path = ../src/assets/coffee_assets/cappuccino/square/cappuccino_pic_1_square.png; sourceTree = "<group>"; };
		75CF2C01FAF741F1A7840970 /* black_coffee_pic_1_portrait.png */ = {isa = PBXFileReference; explicitFileType = undefined; fileEncoding = 9; includeInIndex = 0; lastKnownFileType = unknown; name = black_coffee_pic_1_portrait.png; path = ../src/assets/coffee_assets/black_coffee/portrait/black_coffee_pic_1_portrait.png; sourceTree = "<group>"; };
		76A5048B5BF1489CBB6883B0 /* black_coffee_pic_2_square.png */ = {isa = PBXFileReference; explicitFileType = undefined; fileEncoding = 9; includeInIndex = 0; lastKnownFileType = unknown; name = black_coffee_pic_2_square.png; path = ../src/assets/coffee_assets/black_coffee/square/black_coffee_pic_2_square.png; sourceTree = "<group>"; };
		8184301AC1CB480381849CF2 /* Poppins-Light.ttf */ = {isa = PBXFileReference; explicitFileType = undefined; fileEncoding = 9; includeInIndex = 0; lastKnownFileType = unknown; name = "Poppins-Light.ttf"; path = "../src/assets/fonts/Poppins-Light.ttf"; sourceTree = "<group>"; };
		81AB9BB72411601600AC10FF /* LaunchScreen.storyboard */ = {isa = PBXFileReference; fileEncoding = 4; lastKnownFileType = file.storyboard; name = LaunchScreen.storyboard; path = coffee_shop/LaunchScreen.storyboard; sourceTree = "<group>"; };
		87E6BF97C15049CDB4E17DF0 /* robusta_coffee_beans_portrait.png */ = {isa = PBXFileReference; explicitFileType = undefined; fileEncoding = 9; includeInIndex = 0; lastKnownFileType = unknown; name = robusta_coffee_beans_portrait.png; path = ../src/assets/coffee_assets/robusta_coffee_beans/robusta_coffee_beans_portrait.png; sourceTree = "<group>"; };
		89C6BE57DB24E9ADA2F236DE /* Pods-coffee_shop-coffee_shopTests.release.xcconfig */ = {isa = PBXFileReference; includeInIndex = 1; lastKnownFileType = text.xcconfig; name = "Pods-coffee_shop-coffee_shopTests.release.xcconfig"; path = "Target Support Files/Pods-coffee_shop-coffee_shopTests/Pods-coffee_shop-coffee_shopTests.release.xcconfig"; sourceTree = "<group>"; };
		8BB92D93EC35473EA6108A90 /* liberica_coffee_beans_portrait.png */ = {isa = PBXFileReference; explicitFileType = undefined; fileEncoding = 9; includeInIndex = 0; lastKnownFileType = unknown; name = liberica_coffee_beans_portrait.png; path = ../src/assets/coffee_assets/liberica_coffee_beans/liberica_coffee_beans_portrait.png; sourceTree = "<group>"; };
		8EBE0580ED5243E2A724699B /* espresso_pic_2_portrait.png */ = {isa = PBXFileReference; explicitFileType = undefined; fileEncoding = 9; includeInIndex = 0; lastKnownFileType = unknown; name = espresso_pic_2_portrait.png; path = ../src/assets/coffee_assets/espresso/portrait/espresso_pic_2_portrait.png; sourceTree = "<group>"; };
		8F3BF20AD3B54264BF57E1B2 /* Poppins-SemiBold.ttf */ = {isa = PBXFileReference; explicitFileType = undefined; fileEncoding = 9; includeInIndex = 0; lastKnownFileType = unknown; name = "Poppins-SemiBold.ttf"; path = "../src/assets/fonts/Poppins-SemiBold.ttf"; sourceTree = "<group>"; };
		917716A1F3BB4BA583C3714F /* espresso_pic_3_square.png */ = {isa = PBXFileReference; explicitFileType = undefined; fileEncoding = 9; includeInIndex = 0; lastKnownFileType = unknown; name = espresso_pic_3_square.png; path = ../src/assets/coffee_assets/espresso/square/espresso_pic_3_square.png; sourceTree = "<group>"; };
		952F2D39E77F4E1B90AD7A3F /* americano_pic_3_portrait.png */ = {isa = PBXFileReference; explicitFileType = undefined; fileEncoding = 9; includeInIndex = 0; lastKnownFileType = unknown; name = americano_pic_3_portrait.png; path = ../src/assets/coffee_assets/americano/portrait/americano_pic_3_portrait.png; sourceTree = "<group>"; };
		960AB861BE434556BC575948 /* americano_pic_2_square.png */ = {isa = PBXFileReference; explicitFileType = undefined; fileEncoding = 9; includeInIndex = 0; lastKnownFileType = unknown; name = americano_pic_2_square.png; path = ../src/assets/coffee_assets/americano/square/americano_pic_2_square.png; sourceTree = "<group>"; };
		9D57177FE12D4786A0D9F922 /* avatar.png */ = {isa = PBXFileReference; explicitFileType = undefined; fileEncoding = 9; includeInIndex = 0; lastKnownFileType = unknown; name = avatar.png; path = ../src/assets/app_images/avatar.png; sourceTree = "<group>"; };
		9EE505BDF5054519B48C2D15 /* cappuccino_pic_1_portrait.png */ = {isa = PBXFileReference; explicitFileType = undefined; fileEncoding = 9; includeInIndex = 0; lastKnownFileType = unknown; name = cappuccino_pic_1_portrait.png; path = ../src/assets/coffee_assets/cappuccino/portrait/cappuccino_pic_1_portrait.png; sourceTree = "<group>"; };
		A1E3ED6D19694F3292488BD3 /* espresso_pic_2_square.png */ = {isa = PBXFileReference; explicitFileType = undefined; fileEncoding = 9; includeInIndex = 0; lastKnownFileType = unknown; name = espresso_pic_2_square.png; path = ../src/assets/coffee_assets/espresso/square/espresso_pic_2_square.png; sourceTree = "<group>"; };
		A51AE3F3DEA44BF4B07EF547 /* espresso_pic_1_square.png */ = {isa = PBXFileReference; explicitFileType = undefined; fileEncoding = 9; includeInIndex = 0; lastKnownFileType = unknown; name = espresso_pic_1_square.png; path = ../src/assets/coffee_assets/espresso/square/espresso_pic_1_square.png; sourceTree = "<group>"; };
		A80910573F1B4ABB8C7EF525 /* macchiato_pic_1_portrait.png */ = {isa = PBXFileReference; explicitFileType = undefined; fileEncoding = 9; includeInIndex = 0; lastKnownFileType = unknown; name = macchiato_pic_1_portrait.png; path = ../src/assets/coffee_assets/macchiato/portrait/macchiato_pic_1_portrait.png; sourceTree = "<group>"; };
		B2A7AD6BBDC54715A44F5899 /* latte_pic_3_square.png */ = {isa = PBXFileReference; explicitFileType = undefined; fileEncoding = 9; includeInIndex = 0; lastKnownFileType = unknown; name = latte_pic_3_square.png; path = ../src/assets/coffee_assets/latte/square/latte_pic_3_square.png; sourceTree = "<group>"; };
		B50AA2264C9C432C86BB215F /* Poppins-Medium.ttf */ = {isa = PBXFileReference; explicitFileType = undefined; fileEncoding = 9; includeInIndex = 0; lastKnownFileType = unknown; name = "Poppins-Medium.ttf"; path = "../src/assets/fonts/Poppins-Medium.ttf"; sourceTree = "<group>"; };
		B7CB68DC6E654C46BE90E401 /* latte_pic_2_square.png */ = {isa = PBXFileReference; explicitFileType = undefined; fileEncoding = 9; includeInIndex = 0; lastKnownFileType = unknown; name = latte_pic_2_square.png; path = ../src/assets/coffee_assets/latte/square/latte_pic_2_square.png; sourceTree = "<group>"; };
		BDB83DCB218B43489BDCC7B1 /* gpay.png */ = {isa = PBXFileReference; explicitFileType = undefined; fileEncoding = 9; includeInIndex = 0; lastKnownFileType = unknown; name = gpay.png; path = ../src/assets/app_images/gpay.png; sourceTree = "<group>"; };
		BEA226946AB4405EB4B7DD6D /* amazonpay.png */ = {isa = PBXFileReference; explicitFileType = undefined; fileEncoding = 9; includeInIndex = 0; lastKnownFileType = unknown; name = amazonpay.png; path = ../src/assets/app_images/amazonpay.png; sourceTree = "<group>"; };
		C7C75133B772425CAC4D732E /* arabica_coffee_beans_portrait.png */ = {isa = PBXFileReference; explicitFileType = undefined; fileEncoding = 9; includeInIndex = 0; lastKnownFileType = unknown; name = arabica_coffee_beans_portrait.png; path = ../src/assets/coffee_assets/arabica_coffee_beans/arabica_coffee_beans_portrait.png; sourceTree = "<group>"; };
		CA7A3567F3C4452DA33469CC /* cappuccino_pic_2_portrait.png */ = {isa = PBXFileReference; explicitFileType = undefined; fileEncoding = 9; includeInIndex = 0; lastKnownFileType = unknown; name = cappuccino_pic_2_portrait.png; path = ../src/assets/coffee_assets/cappuccino/portrait/cappuccino_pic_2_portrait.png; sourceTree = "<group>"; };
		CDCAB5793010437A973E4EDB /* macchiato_pic_2_portrait.png */ = {isa = PBXFileReference; explicitFileType = undefined; fileEncoding = 9; includeInIndex = 0; lastKnownFileType = unknown; name = macchiato_pic_2_portrait.png; path = ../src/assets/coffee_assets/macchiato/portrait/macchiato_pic_2_portrait.png; sourceTree = "<group>"; };
		E40B9C30C265434490287E01 /* cappuccino_pic_2_square.png */ = {isa = PBXFileReference; explicitFileType = undefined; fileEncoding = 9; includeInIndex = 0; lastKnownFileType = unknown; name = cappuccino_pic_2_square.png; path = ../src/assets/coffee_assets/cappuccino/square/cappuccino_pic_2_square.png; sourceTree = "<group>"; };
		ED297162215061F000B7C4FE /* JavaScriptCore.framework */ = {isa = PBXFileReference; lastKnownFileType = wrapper.framework; name = JavaScriptCore.framework; path = System/Library/Frameworks/JavaScriptCore.framework; sourceTree = SDKROOT; };
		EDD2916F62BC461E98D19456 /* excelsa_coffee_beans_portrait.png */ = {isa = PBXFileReference; explicitFileType = undefined; fileEncoding = 9; includeInIndex = 0; lastKnownFileType = unknown; name = excelsa_coffee_beans_portrait.png; path = ../src/assets/coffee_assets/excelsa_coffee_beans/excelsa_coffee_beans_portrait.png; sourceTree = "<group>"; };
		F7CB65C412FE43A68CC2F6A8 /* Poppins-ExtraBold.ttf */ = {isa = PBXFileReference; explicitFileType = undefined; fileEncoding = 9; includeInIndex = 0; lastKnownFileType = unknown; name = "Poppins-ExtraBold.ttf"; path = "../src/assets/fonts/Poppins-ExtraBold.ttf"; sourceTree = "<group>"; };
		F9C6742D24D74514B9C38439 /* arabica_coffee_beans_square.png */ = {isa = PBXFileReference; explicitFileType = undefined; fileEncoding = 9; includeInIndex = 0; lastKnownFileType = unknown; name = arabica_coffee_beans_square.png; path = ../src/assets/coffee_assets/arabica_coffee_beans/arabica_coffee_beans_square.png; sourceTree = "<group>"; };
/* End PBXFileReference section */

/* Begin PBXFrameworksBuildPhase section */
		00E356EB1AD99517003FC87E /* Frameworks */ = {
			isa = PBXFrameworksBuildPhase;
			buildActionMask = 2147483647;
			files = (
				7699B88040F8A987B510C191 /* libPods-coffee_shop-coffee_shopTests.a in Frameworks */,
			);
			runOnlyForDeploymentPostprocessing = 0;
		};
		13B07F8C1A680F5B00A75B9A /* Frameworks */ = {
			isa = PBXFrameworksBuildPhase;
			buildActionMask = 2147483647;
			files = (
				0C80B921A6F3F58F76C31292 /* libPods-coffee_shop.a in Frameworks */,
			);
			runOnlyForDeploymentPostprocessing = 0;
		};
/* End PBXFrameworksBuildPhase section */

/* Begin PBXGroup section */
		00E356EF1AD99517003FC87E /* coffee_shopTests */ = {
			isa = PBXGroup;
			children = (
				00E356F21AD99517003FC87E /* coffee_shopTests.m */,
				00E356F01AD99517003FC87E /* Supporting Files */,
			);
			path = coffee_shopTests;
			sourceTree = "<group>";
		};
		00E356F01AD99517003FC87E /* Supporting Files */ = {
			isa = PBXGroup;
			children = (
				00E356F11AD99517003FC87E /* Info.plist */,
			);
			name = "Supporting Files";
			sourceTree = "<group>";
		};
		13B07FAE1A68108700A75B9A /* coffee_shop */ = {
			isa = PBXGroup;
			children = (
				13B07FAF1A68108700A75B9A /* AppDelegate.h */,
				13B07FB01A68108700A75B9A /* AppDelegate.mm */,
				13B07FB51A68108700A75B9A /* Images.xcassets */,
				13B07FB61A68108700A75B9A /* Info.plist */,
				81AB9BB72411601600AC10FF /* LaunchScreen.storyboard */,
				13B07FB71A68108700A75B9A /* main.m */,
			);
			name = coffee_shop;
			sourceTree = "<group>";
		};
		2D16E6871FA4F8E400B85C8A /* Frameworks */ = {
			isa = PBXGroup;
			children = (
				ED297162215061F000B7C4FE /* JavaScriptCore.framework */,
				5DCACB8F33CDC322A6C60F78 /* libPods-coffee_shop.a */,
				19F6CBCC0A4E27FBF8BF4A61 /* libPods-coffee_shop-coffee_shopTests.a */,
			);
			name = Frameworks;
			sourceTree = "<group>";
		};
		832341AE1AAA6A7D00B99B32 /* Libraries */ = {
			isa = PBXGroup;
			children = (
			);
			name = Libraries;
			sourceTree = "<group>";
		};
		83CBB9F61A601CBA00E9B192 = {
			isa = PBXGroup;
			children = (
				13B07FAE1A68108700A75B9A /* coffee_shop */,
				832341AE1AAA6A7D00B99B32 /* Libraries */,
				00E356EF1AD99517003FC87E /* coffee_shopTests */,
				83CBBA001A601CBA00E9B192 /* Products */,
				2D16E6871FA4F8E400B85C8A /* Frameworks */,
				BBD78D7AC51CEA395F1C20DB /* Pods */,
				A35A32127C974027BB116F08 /* Resources */,
			);
			indentWidth = 2;
			sourceTree = "<group>";
			tabWidth = 2;
			usesTabs = 0;
		};
		83CBBA001A601CBA00E9B192 /* Products */ = {
			isa = PBXGroup;
			children = (
				13B07F961A680F5B00A75B9A /* coffee_shop.app */,
				00E356EE1AD99517003FC87E /* coffee_shopTests.xctest */,
			);
			name = Products;
			sourceTree = "<group>";
		};
		A35A32127C974027BB116F08 /* Resources */ = {
			isa = PBXGroup;
			children = (
				1E0D8C7981A946E08C5B90F2 /* Poppins-Black.ttf */,
				37FCAD37EF40486BBCEBFE1B /* Poppins-Bold.ttf */,
				F7CB65C412FE43A68CC2F6A8 /* Poppins-ExtraBold.ttf */,
				240213E3C0B442F3907E3A53 /* Poppins-ExtraLight.ttf */,
				8184301AC1CB480381849CF2 /* Poppins-Light.ttf */,
				B50AA2264C9C432C86BB215F /* Poppins-Medium.ttf */,
				5788AF174A564B1B82E3756D /* Poppins-Regular.ttf */,
				8F3BF20AD3B54264BF57E1B2 /* Poppins-SemiBold.ttf */,
				40D0378ACDC34240890A7A60 /* Poppins-Thin.ttf */,
				02EE86100364442586C4904F /* app_icons.ttf */,
				BEA226946AB4405EB4B7DD6D /* amazonpay.png */,
				3689820485DF411FBD47552A /* applepay.png */,
				9D57177FE12D4786A0D9F922 /* avatar.png */,
				BDB83DCB218B43489BDCC7B1 /* gpay.png */,
				199C4E9F09E24D2E83D2AC18 /* americano_pic_1_portrait.png */,
				6393DC6301C74C78A2ABE517 /* americano_pic_2_portrait.png */,
				952F2D39E77F4E1B90AD7A3F /* americano_pic_3_portrait.png */,
				06E28F8AB865485C91950CF0 /* americano_pic_1_square.png */,
				960AB861BE434556BC575948 /* americano_pic_2_square.png */,
				46F090A32CA24A7EA341E729 /* americano_pic_3_square.png */,
				C7C75133B772425CAC4D732E /* arabica_coffee_beans_portrait.png */,
				F9C6742D24D74514B9C38439 /* arabica_coffee_beans_square.png */,
				75CF2C01FAF741F1A7840970 /* black_coffee_pic_1_portrait.png */,
				1EF3CE30E1C24BB4A47B7544 /* black_coffee_pic_2_portrait.png */,
				4DF0AB1AC1984D04B13857CF /* black_coffee_pic_3_portrait.png */,
				739D3314DF9E4F8D9CA3F522 /* black_coffee_pic_1_square.png */,
				76A5048B5BF1489CBB6883B0 /* black_coffee_pic_2_square.png */,
				539B953CAD994323804CADDD /* black_coffee_pic_3_square.png */,
				9EE505BDF5054519B48C2D15 /* cappuccino_pic_1_portrait.png */,
				CA7A3567F3C4452DA33469CC /* cappuccino_pic_2_portrait.png */,
				430A9A3D41D2465CACCE2A69 /* cappuccino_pic_3_portrait.png */,
				73C5EA78D78D499A83BC5399 /* cappuccino_pic_1_square.png */,
				E40B9C30C265434490287E01 /* cappuccino_pic_2_square.png */,
				6F79D16E470C40FE866EAABF /* cappuccino_pic_3_square.png */,
				5BBE2D36701747FAAA92CBC3 /* espresso_pic_1_portrait.png */,
				8EBE0580ED5243E2A724699B /* espresso_pic_2_portrait.png */,
				52782471BAEE4915A5729428 /* espresso_pic_3_portrait.png */,
				A51AE3F3DEA44BF4B07EF547 /* espresso_pic_1_square.png */,
				A1E3ED6D19694F3292488BD3 /* espresso_pic_2_square.png */,
				917716A1F3BB4BA583C3714F /* espresso_pic_3_square.png */,
				EDD2916F62BC461E98D19456 /* excelsa_coffee_beans_portrait.png */,
				591E553458F343FA8B5AD5BD /* excelsa_coffee_beans_square.png */,
				22250B33475E4D07AA2F44B1 /* latte_pic_1_portrait.png */,
				447D39F1195E48BC8B7D6D8D /* latte_pic_2_portrait.png */,
				619B9F99C3F64A8C83746C43 /* latte_pic_3_portrait.png */,
				239A3261F4FB424A916CA560 /* latte_pic_1_square.png */,
				B7CB68DC6E654C46BE90E401 /* latte_pic_2_square.png */,
				B2A7AD6BBDC54715A44F5899 /* latte_pic_3_square.png */,
				8BB92D93EC35473EA6108A90 /* liberica_coffee_beans_portrait.png */,
				017B0CC0EFF544A49371CC14 /* liberica_coffee_beans_square.png */,
				A80910573F1B4ABB8C7EF525 /* macchiato_pic_1_portrait.png */,
				CDCAB5793010437A973E4EDB /* macchiato_pic_2_portrait.png */,
				3278D08C3B244014BE3FDACA /* macchiato_pic_3_portrait.png */,
				5A7A03DB014241FC85FCDA67 /* macchiato_pic_1_square.png */,
				3307F80C98F045FAB9C19EF7 /* macchiato_pic_2_square.png */,
				0D9DA0999BBA4378A95D1721 /* macchiato_pic_3_square.png */,
				87E6BF97C15049CDB4E17DF0 /* robusta_coffee_beans_portrait.png */,
				156C21F4C8004F1F9FAEABB5 /* robusta_coffee_beans_square.png */,
			);
			name = Resources;
			sourceTree = "<group>";
		};
		BBD78D7AC51CEA395F1C20DB /* Pods */ = {
			isa = PBXGroup;
			children = (
				3B4392A12AC88292D35C810B /* Pods-coffee_shop.debug.xcconfig */,
				5709B34CF0A7D63546082F79 /* Pods-coffee_shop.release.xcconfig */,
				5B7EB9410499542E8C5724F5 /* Pods-coffee_shop-coffee_shopTests.debug.xcconfig */,
				89C6BE57DB24E9ADA2F236DE /* Pods-coffee_shop-coffee_shopTests.release.xcconfig */,
			);
			path = Pods;
			sourceTree = "<group>";
		};
/* End PBXGroup section */

/* Begin PBXNativeTarget section */
		00E356ED1AD99517003FC87E /* coffee_shopTests */ = {
			isa = PBXNativeTarget;
			buildConfigurationList = 00E357021AD99517003FC87E /* Build configuration list for PBXNativeTarget "coffee_shopTests" */;
			buildPhases = (
				A55EABD7B0C7F3A422A6CC61 /* [CP] Check Pods Manifest.lock */,
				00E356EA1AD99517003FC87E /* Sources */,
				00E356EB1AD99517003FC87E /* Frameworks */,
				00E356EC1AD99517003FC87E /* Resources */,
				C59DA0FBD6956966B86A3779 /* [CP] Embed Pods Frameworks */,
				F6A41C54EA430FDDC6A6ED99 /* [CP] Copy Pods Resources */,
			);
			buildRules = (
			);
			dependencies = (
				00E356F51AD99517003FC87E /* PBXTargetDependency */,
			);
			name = coffee_shopTests;
			productName = coffee_shopTests;
			productReference = 00E356EE1AD99517003FC87E /* coffee_shopTests.xctest */;
			productType = "com.apple.product-type.bundle.unit-test";
		};
		13B07F861A680F5B00A75B9A /* coffee_shop */ = {
			isa = PBXNativeTarget;
			buildConfigurationList = 13B07F931A680F5B00A75B9A /* Build configuration list for PBXNativeTarget "coffee_shop" */;
			buildPhases = (
				C38B50BA6285516D6DCD4F65 /* [CP] Check Pods Manifest.lock */,
				13B07F871A680F5B00A75B9A /* Sources */,
				13B07F8C1A680F5B00A75B9A /* Frameworks */,
				13B07F8E1A680F5B00A75B9A /* Resources */,
				00DD1BFF1BD5951E006B06BC /* Bundle React Native code and images */,
				00EEFC60759A1932668264C0 /* [CP] Embed Pods Frameworks */,
				E235C05ADACE081382539298 /* [CP] Copy Pods Resources */,
			);
			buildRules = (
			);
			dependencies = (
			);
			name = coffee_shop;
			productName = coffee_shop;
			productReference = 13B07F961A680F5B00A75B9A /* coffee_shop.app */;
			productType = "com.apple.product-type.application";
		};
/* End PBXNativeTarget section */

/* Begin PBXProject section */
		83CBB9F71A601CBA00E9B192 /* Project object */ = {
			isa = PBXProject;
			attributes = {
				LastUpgradeCheck = 1210;
				TargetAttributes = {
					00E356ED1AD99517003FC87E = {
						CreatedOnToolsVersion = 6.2;
						TestTargetID = 13B07F861A680F5B00A75B9A;
					};
					13B07F861A680F5B00A75B9A = {
						LastSwiftMigration = 1120;
					};
				};
			};
			buildConfigurationList = 83CBB9FA1A601CBA00E9B192 /* Build configuration list for PBXProject "coffee_shop" */;
			compatibilityVersion = "Xcode 12.0";
			developmentRegion = en;
			hasScannedForEncodings = 0;
			knownRegions = (
				en,
				Base,
			);
			mainGroup = 83CBB9F61A601CBA00E9B192;
			productRefGroup = 83CBBA001A601CBA00E9B192 /* Products */;
			projectDirPath = "";
			projectRoot = "";
			targets = (
				13B07F861A680F5B00A75B9A /* coffee_shop */,
				00E356ED1AD99517003FC87E /* coffee_shopTests */,
			);
		};
/* End PBXProject section */

/* Begin PBXResourcesBuildPhase section */
		00E356EC1AD99517003FC87E /* Resources */ = {
			isa = PBXResourcesBuildPhase;
			buildActionMask = 2147483647;
			files = (
			);
			runOnlyForDeploymentPostprocessing = 0;
		};
		13B07F8E1A680F5B00A75B9A /* Resources */ = {
			isa = PBXResourcesBuildPhase;
			buildActionMask = 2147483647;
			files = (
				81AB9BB82411601600AC10FF /* LaunchScreen.storyboard in Resources */,
				13B07FBF1A68108700A75B9A /* Images.xcassets in Resources */,
				06EBAD63D1964C678C756BA8 /* Poppins-Black.ttf in Resources */,
				102C77054F1B427AA2A073FF /* Poppins-Bold.ttf in Resources */,
				892BE9A80F734F6C96367C08 /* Poppins-ExtraBold.ttf in Resources */,
				A9ACD58E080046128DC1B7A8 /* Poppins-ExtraLight.ttf in Resources */,
				BC76C71869204CBCA8C4D4C3 /* Poppins-Light.ttf in Resources */,
				9B66FD4084ED4C648CC69082 /* Poppins-Medium.ttf in Resources */,
				7AC02541B0684288890C4472 /* Poppins-Regular.ttf in Resources */,
				04F1C442F58149859492466C /* Poppins-SemiBold.ttf in Resources */,
				A6E35D66FD6A4C0483C05CCE /* Poppins-Thin.ttf in Resources */,
				79074A215D434BEF9F254BBF /* app_icons.ttf in Resources */,
				636D1607717C4D2CB473EDDA /* amazonpay.png in Resources */,
				48153C31A33E404BB44978E2 /* applepay.png in Resources */,
				592CA549E3C64AF492A399DC /* avatar.png in Resources */,
				60EF5A64992D4952A51A3D84 /* gpay.png in Resources */,
				951D1553D2FF49B38E47AC76 /* americano_pic_1_portrait.png in Resources */,
				C967148FCC6F4804957A18EC /* americano_pic_2_portrait.png in Resources */,
				113216AAF48D482AA373E525 /* americano_pic_3_portrait.png in Resources */,
				C6D1C729722C44E2BCFA2658 /* americano_pic_1_square.png in Resources */,
				D01349D60473407D952CB7DC /* americano_pic_2_square.png in Resources */,
				628317E8FFEE46358A7C2C41 /* americano_pic_3_square.png in Resources */,
				DBCB3776D815443BBC38DB84 /* arabica_coffee_beans_portrait.png in Resources */,
				4E904162CAA244DF976613B5 /* arabica_coffee_beans_square.png in Resources */,
				EF5DA7513AEB4AF0B425B8E4 /* black_coffee_pic_1_portrait.png in Resources */,
				DF8BD4CE6D3F423DB081CF99 /* black_coffee_pic_2_portrait.png in Resources */,
				F94E2256B29F4C9186EFCA14 /* black_coffee_pic_3_portrait.png in Resources */,
				FAC21166735D449090B7F609 /* black_coffee_pic_1_square.png in Resources */,
				25EF1D10D1574BD7868A16A3 /* black_coffee_pic_2_square.png in Resources */,
				B8F74CBBEACD4F21B6284238 /* black_coffee_pic_3_square.png in Resources */,
				E2D89D53A2A8459F9D460E44 /* cappuccino_pic_1_portrait.png in Resources */,
				94950917C16A4C858326A49E /* cappuccino_pic_2_portrait.png in Resources */,
				1E717AC2FF4A4285909FA4E6 /* cappuccino_pic_3_portrait.png in Resources */,
				F00359CE5D7C426C94C6326C /* cappuccino_pic_1_square.png in Resources */,
				4795F6523EB44DBE846D492F /* cappuccino_pic_2_square.png in Resources */,
				1990A36E44384DA383566069 /* cappuccino_pic_3_square.png in Resources */,
				0EDDAA96AA7E40B7851563E7 /* espresso_pic_1_portrait.png in Resources */,
				5CE9A7540AAA4A2CA0F6BCD1 /* espresso_pic_2_portrait.png in Resources */,
				4700293F424A4B19AAD074F9 /* espresso_pic_3_portrait.png in Resources */,
				7A68E2E269A44C4DA4DEFF4E /* espresso_pic_1_square.png in Resources */,
				F1E1321D1105467EA953456C /* espresso_pic_2_square.png in Resources */,
				5887FE93EDD34B4AB8502F38 /* espresso_pic_3_square.png in Resources */,
				10C7F786434147B9A3004FF7 /* excelsa_coffee_beans_portrait.png in Resources */,
				F9F4F68A082B4264891A0979 /* excelsa_coffee_beans_square.png in Resources */,
				9A013224AA9F43C1AFDBEE51 /* latte_pic_1_portrait.png in Resources */,
				6521CB4A153445D086D5FA4E /* latte_pic_2_portrait.png in Resources */,
				4976AEFF4500412194B3A6C9 /* latte_pic_3_portrait.png in Resources */,
				C6450E99CB7E415C97A6F248 /* latte_pic_1_square.png in Resources */,
				C94FE33CFC5C48998048C5F7 /* latte_pic_2_square.png in Resources */,
				D2E0D0F1423A466D879C88D5 /* latte_pic_3_square.png in Resources */,
				85978AD9D70A4BF688B4572E /* liberica_coffee_beans_portrait.png in Resources */,
				CEC87AAA149142F8B529E264 /* liberica_coffee_beans_square.png in Resources */,
				5DA5FEB58B234B2AABC742AE /* macchiato_pic_1_portrait.png in Resources */,
				F17FBE2BC2824D82B961C36A /* macchiato_pic_2_portrait.png in Resources */,
				B7BDB3295DC54579895BA0E5 /* macchiato_pic_3_portrait.png in Resources */,
				B522875E430D4AE29A7D76DA /* macchiato_pic_1_square.png in Resources */,
				AA80E45B3A44426FA7A12B37 /* macchiato_pic_2_square.png in Resources */,
				2CD761DE9A3F438A9D526A49 /* macchiato_pic_3_square.png in Resources */,
				0D9F89F22C964D81915D97DA /* robusta_coffee_beans_portrait.png in Resources */,
				D26E0EF6FB144046A5532D32 /* robusta_coffee_beans_square.png in Resources */,
			);
			runOnlyForDeploymentPostprocessing = 0;
		};
/* End PBXResourcesBuildPhase section */

/* Begin PBXShellScriptBuildPhase section */
		00DD1BFF1BD5951E006B06BC /* Bundle React Native code and images */ = {
			isa = PBXShellScriptBuildPhase;
			buildActionMask = 2147483647;
			files = (
			);
			inputPaths = (
				"$(SRCROOT)/.xcode.env.local",
				"$(SRCROOT)/.xcode.env",
			);
			name = "Bundle React Native code and images";
			outputPaths = (
			);
			runOnlyForDeploymentPostprocessing = 0;
			shellPath = /bin/sh;
			shellScript = "set -e\n\nWITH_ENVIRONMENT=\"../node_modules/react-native/scripts/xcode/with-environment.sh\"\nREACT_NATIVE_XCODE=\"../node_modules/react-native/scripts/react-native-xcode.sh\"\n\n/bin/sh -c \"$WITH_ENVIRONMENT $REACT_NATIVE_XCODE\"\n";
		};
		00EEFC60759A1932668264C0 /* [CP] Embed Pods Frameworks */ = {
			isa = PBXShellScriptBuildPhase;
			buildActionMask = 2147483647;
			files = (
			);
			inputFileListPaths = (
				"${PODS_ROOT}/Target Support Files/Pods-coffee_shop/Pods-coffee_shop-frameworks-${CONFIGURATION}-input-files.xcfilelist",
			);
			name = "[CP] Embed Pods Frameworks";
			outputFileListPaths = (
				"${PODS_ROOT}/Target Support Files/Pods-coffee_shop/Pods-coffee_shop-frameworks-${CONFIGURATION}-output-files.xcfilelist",
			);
			runOnlyForDeploymentPostprocessing = 0;
			shellPath = /bin/sh;
			shellScript = "\"${PODS_ROOT}/Target Support Files/Pods-coffee_shop/Pods-coffee_shop-frameworks.sh\"\n";
			showEnvVarsInLog = 0;
		};
		A55EABD7B0C7F3A422A6CC61 /* [CP] Check Pods Manifest.lock */ = {
			isa = PBXShellScriptBuildPhase;
			buildActionMask = 2147483647;
			files = (
			);
			inputFileListPaths = (
			);
			inputPaths = (
				"${PODS_PODFILE_DIR_PATH}/Podfile.lock",
				"${PODS_ROOT}/Manifest.lock",
			);
			name = "[CP] Check Pods Manifest.lock";
			outputFileListPaths = (
			);
			outputPaths = (
				"$(DERIVED_FILE_DIR)/Pods-coffee_shop-coffee_shopTests-checkManifestLockResult.txt",
			);
			runOnlyForDeploymentPostprocessing = 0;
			shellPath = /bin/sh;
			shellScript = "diff \"${PODS_PODFILE_DIR_PATH}/Podfile.lock\" \"${PODS_ROOT}/Manifest.lock\" > /dev/null\nif [ $? != 0 ] ; then\n    # print error to STDERR\n    echo \"error: The sandbox is not in sync with the Podfile.lock. Run 'pod install' or update your CocoaPods installation.\" >&2\n    exit 1\nfi\n# This output is used by Xcode 'outputs' to avoid re-running this script phase.\necho \"SUCCESS\" > \"${SCRIPT_OUTPUT_FILE_0}\"\n";
			showEnvVarsInLog = 0;
		};
		C38B50BA6285516D6DCD4F65 /* [CP] Check Pods Manifest.lock */ = {
			isa = PBXShellScriptBuildPhase;
			buildActionMask = 2147483647;
			files = (
			);
			inputFileListPaths = (
			);
			inputPaths = (
				"${PODS_PODFILE_DIR_PATH}/Podfile.lock",
				"${PODS_ROOT}/Manifest.lock",
			);
			name = "[CP] Check Pods Manifest.lock";
			outputFileListPaths = (
			);
			outputPaths = (
				"$(DERIVED_FILE_DIR)/Pods-coffee_shop-checkManifestLockResult.txt",
			);
			runOnlyForDeploymentPostprocessing = 0;
			shellPath = /bin/sh;
			shellScript = "diff \"${PODS_PODFILE_DIR_PATH}/Podfile.lock\" \"${PODS_ROOT}/Manifest.lock\" > /dev/null\nif [ $? != 0 ] ; then\n    # print error to STDERR\n    echo \"error: The sandbox is not in sync with the Podfile.lock. Run 'pod install' or update your CocoaPods installation.\" >&2\n    exit 1\nfi\n# This output is used by Xcode 'outputs' to avoid re-running this script phase.\necho \"SUCCESS\" > \"${SCRIPT_OUTPUT_FILE_0}\"\n";
			showEnvVarsInLog = 0;
		};
		C59DA0FBD6956966B86A3779 /* [CP] Embed Pods Frameworks */ = {
			isa = PBXShellScriptBuildPhase;
			buildActionMask = 2147483647;
			files = (
			);
			inputFileListPaths = (
				"${PODS_ROOT}/Target Support Files/Pods-coffee_shop-coffee_shopTests/Pods-coffee_shop-coffee_shopTests-frameworks-${CONFIGURATION}-input-files.xcfilelist",
			);
			name = "[CP] Embed Pods Frameworks";
			outputFileListPaths = (
				"${PODS_ROOT}/Target Support Files/Pods-coffee_shop-coffee_shopTests/Pods-coffee_shop-coffee_shopTests-frameworks-${CONFIGURATION}-output-files.xcfilelist",
			);
			runOnlyForDeploymentPostprocessing = 0;
			shellPath = /bin/sh;
			shellScript = "\"${PODS_ROOT}/Target Support Files/Pods-coffee_shop-coffee_shopTests/Pods-coffee_shop-coffee_shopTests-frameworks.sh\"\n";
			showEnvVarsInLog = 0;
		};
		E235C05ADACE081382539298 /* [CP] Copy Pods Resources */ = {
			isa = PBXShellScriptBuildPhase;
			buildActionMask = 2147483647;
			files = (
			);
			inputFileListPaths = (
				"${PODS_ROOT}/Target Support Files/Pods-coffee_shop/Pods-coffee_shop-resources-${CONFIGURATION}-input-files.xcfilelist",
			);
			name = "[CP] Copy Pods Resources";
			outputFileListPaths = (
				"${PODS_ROOT}/Target Support Files/Pods-coffee_shop/Pods-coffee_shop-resources-${CONFIGURATION}-output-files.xcfilelist",
			);
			runOnlyForDeploymentPostprocessing = 0;
			shellPath = /bin/sh;
			shellScript = "\"${PODS_ROOT}/Target Support Files/Pods-coffee_shop/Pods-coffee_shop-resources.sh\"\n";
			showEnvVarsInLog = 0;
		};
		F6A41C54EA430FDDC6A6ED99 /* [CP] Copy Pods Resources */ = {
			isa = PBXShellScriptBuildPhase;
			buildActionMask = 2147483647;
			files = (
			);
			inputFileListPaths = (
				"${PODS_ROOT}/Target Support Files/Pods-coffee_shop-coffee_shopTests/Pods-coffee_shop-coffee_shopTests-resources-${CONFIGURATION}-input-files.xcfilelist",
			);
			name = "[CP] Copy Pods Resources";
			outputFileListPaths = (
				"${PODS_ROOT}/Target Support Files/Pods-coffee_shop-coffee_shopTests/Pods-coffee_shop-coffee_shopTests-resources-${CONFIGURATION}-output-files.xcfilelist",
			);
			runOnlyForDeploymentPostprocessing = 0;
			shellPath = /bin/sh;
			shellScript = "\"${PODS_ROOT}/Target Support Files/Pods-coffee_shop-coffee_shopTests/Pods-coffee_shop-coffee_shopTests-resources.sh\"\n";
			showEnvVarsInLog = 0;
		};
/* End PBXShellScriptBuildPhase section */

/* Begin PBXSourcesBuildPhase section */
		00E356EA1AD99517003FC87E /* Sources */ = {
			isa = PBXSourcesBuildPhase;
			buildActionMask = 2147483647;
			files = (
				00E356F31AD99517003FC87E /* coffee_shopTests.m in Sources */,
			);
			runOnlyForDeploymentPostprocessing = 0;
		};
		13B07F871A680F5B00A75B9A /* Sources */ = {
			isa = PBXSourcesBuildPhase;
			buildActionMask = 2147483647;
			files = (
				13B07FBC1A68108700A75B9A /* AppDelegate.mm in Sources */,
				13B07FC11A68108700A75B9A /* main.m in Sources */,
			);
			runOnlyForDeploymentPostprocessing = 0;
		};
/* End PBXSourcesBuildPhase section */

/* Begin PBXTargetDependency section */
		00E356F51AD99517003FC87E /* PBXTargetDependency */ = {
			isa = PBXTargetDependency;
			target = 13B07F861A680F5B00A75B9A /* coffee_shop */;
			targetProxy = 00E356F41AD99517003FC87E /* PBXContainerItemProxy */;
		};
/* End PBXTargetDependency section */

/* Begin XCBuildConfiguration section */
		00E356F61AD99517003FC87E /* Debug */ = {
			isa = XCBuildConfiguration;
			baseConfigurationReference = 5B7EB9410499542E8C5724F5 /* Pods-coffee_shop-coffee_shopTests.debug.xcconfig */;
			buildSettings = {
				BUNDLE_LOADER = "$(TEST_HOST)";
				"CODE_SIGN_IDENTITY[sdk=macosx*]" = "Apple Development";
				DEVELOPMENT_TEAM = 5VH72326Q2;
				GCC_PREPROCESSOR_DEFINITIONS = (
					"DEBUG=1",
					"$(inherited)",
				);
				INFOPLIST_FILE = coffee_shopTests/Info.plist;
				IPHONEOS_DEPLOYMENT_TARGET = 13.4;
				LD_RUNPATH_SEARCH_PATHS = (
					"$(inherited)",
					"@executable_path/Frameworks",
					"@loader_path/Frameworks",
				);
				OTHER_LDFLAGS = (
					"-ObjC",
					"-lc++",
					"$(inherited)",
				);
				PRODUCT_BUNDLE_IDENTIFIER = "org.reactjs.native.example.$(PRODUCT_NAME:rfc1034identifier)";
				PRODUCT_NAME = "$(TARGET_NAME)";
				TEST_HOST = "$(BUILT_PRODUCTS_DIR)/coffee_shop.app/coffee_shop";
			};
			name = Debug;
		};
		00E356F71AD99517003FC87E /* Release */ = {
			isa = XCBuildConfiguration;
			baseConfigurationReference = 89C6BE57DB24E9ADA2F236DE /* Pods-coffee_shop-coffee_shopTests.release.xcconfig */;
			buildSettings = {
				BUNDLE_LOADER = "$(TEST_HOST)";
				"CODE_SIGN_IDENTITY[sdk=macosx*]" = "Apple Development";
				COPY_PHASE_STRIP = NO;
				DEVELOPMENT_TEAM = 5VH72326Q2;
				INFOPLIST_FILE = coffee_shopTests/Info.plist;
				IPHONEOS_DEPLOYMENT_TARGET = 13.4;
				LD_RUNPATH_SEARCH_PATHS = (
					"$(inherited)",
					"@executable_path/Frameworks",
					"@loader_path/Frameworks",
				);
				OTHER_LDFLAGS = (
					"-ObjC",
					"-lc++",
					"$(inherited)",
				);
				PRODUCT_BUNDLE_IDENTIFIER = "org.reactjs.native.example.$(PRODUCT_NAME:rfc1034identifier)";
				PRODUCT_NAME = "$(TARGET_NAME)";
				TEST_HOST = "$(BUILT_PRODUCTS_DIR)/coffee_shop.app/coffee_shop";
			};
			name = Release;
		};
		13B07F941A680F5B00A75B9A /* Debug */ = {
			isa = XCBuildConfiguration;
			baseConfigurationReference = 3B4392A12AC88292D35C810B /* Pods-coffee_shop.debug.xcconfig */;
			buildSettings = {
				ASSETCATALOG_COMPILER_APPICON_NAME = AppIcon;
				CLANG_ENABLE_MODULES = YES;
				CURRENT_PROJECT_VERSION = 1;
				DEVELOPMENT_TEAM = 5VH72326Q2;
				ENABLE_BITCODE = NO;
				INFOPLIST_FILE = coffee_shop/Info.plist;
				LD_RUNPATH_SEARCH_PATHS = (
					"$(inherited)",
					"@executable_path/Frameworks",
				);
				MARKETING_VERSION = 1.0;
				OTHER_LDFLAGS = (
					"$(inherited)",
					"-ObjC",
					"-lc++",
				);
				PRODUCT_BUNDLE_IDENTIFIER = "org.reactjs.native.example.$(PRODUCT_NAME:rfc1034identifier)";
				PRODUCT_NAME = coffee_shop;
				SWIFT_OPTIMIZATION_LEVEL = "-Onone";
				SWIFT_VERSION = 5.0;
				VERSIONING_SYSTEM = "apple-generic";
			};
			name = Debug;
		};
		13B07F951A680F5B00A75B9A /* Release */ = {
			isa = XCBuildConfiguration;
			baseConfigurationReference = 5709B34CF0A7D63546082F79 /* Pods-coffee_shop.release.xcconfig */;
			buildSettings = {
				ASSETCATALOG_COMPILER_APPICON_NAME = AppIcon;
				CLANG_ENABLE_MODULES = YES;
				CURRENT_PROJECT_VERSION = 1;
				DEVELOPMENT_TEAM = 5VH72326Q2;
				INFOPLIST_FILE = coffee_shop/Info.plist;
				LD_RUNPATH_SEARCH_PATHS = (
					"$(inherited)",
					"@executable_path/Frameworks",
				);
				MARKETING_VERSION = 1.0;
				OTHER_LDFLAGS = (
					"$(inherited)",
					"-ObjC",
					"-lc++",
				);
				PRODUCT_BUNDLE_IDENTIFIER = "org.reactjs.native.example.$(PRODUCT_NAME:rfc1034identifier)";
				PRODUCT_NAME = coffee_shop;
				SWIFT_VERSION = 5.0;
				VERSIONING_SYSTEM = "apple-generic";
			};
			name = Release;
		};
		83CBBA201A601CBA00E9B192 /* Debug */ = {
			isa = XCBuildConfiguration;
			buildSettings = {
				ALWAYS_SEARCH_USER_PATHS = NO;
				CLANG_ANALYZER_LOCALIZABILITY_NONLOCALIZED = YES;
				CLANG_CXX_LANGUAGE_STANDARD = "c++20";
				CLANG_CXX_LIBRARY = "libc++";
				CLANG_ENABLE_MODULES = YES;
				CLANG_ENABLE_OBJC_ARC = YES;
				CLANG_WARN_BLOCK_CAPTURE_AUTORELEASING = YES;
				CLANG_WARN_BOOL_CONVERSION = YES;
				CLANG_WARN_COMMA = YES;
				CLANG_WARN_CONSTANT_CONVERSION = YES;
				CLANG_WARN_DEPRECATED_OBJC_IMPLEMENTATIONS = YES;
				CLANG_WARN_DIRECT_OBJC_ISA_USAGE = YES_ERROR;
				CLANG_WARN_EMPTY_BODY = YES;
				CLANG_WARN_ENUM_CONVERSION = YES;
				CLANG_WARN_INFINITE_RECURSION = YES;
				CLANG_WARN_INT_CONVERSION = YES;
				CLANG_WARN_NON_LITERAL_NULL_CONVERSION = YES;
				CLANG_WARN_OBJC_IMPLICIT_RETAIN_SELF = YES;
				CLANG_WARN_OBJC_LITERAL_CONVERSION = YES;
				CLANG_WARN_OBJC_ROOT_CLASS = YES_ERROR;
				CLANG_WARN_QUOTED_INCLUDE_IN_FRAMEWORK_HEADER = YES;
				CLANG_WARN_RANGE_LOOP_ANALYSIS = YES;
				CLANG_WARN_STRICT_PROTOTYPES = YES;
				CLANG_WARN_SUSPICIOUS_MOVE = YES;
				CLANG_WARN_UNREACHABLE_CODE = YES;
				CLANG_WARN__DUPLICATE_METHOD_MATCH = YES;
				"CODE_SIGN_IDENTITY[sdk=iphoneos*]" = "iPhone Developer";
				COPY_PHASE_STRIP = NO;
				ENABLE_STRICT_OBJC_MSGSEND = YES;
				ENABLE_TESTABILITY = YES;
				"EXCLUDED_ARCHS[sdk=iphonesimulator*]" = i386;
				GCC_C_LANGUAGE_STANDARD = gnu99;
				GCC_DYNAMIC_NO_PIC = NO;
				GCC_NO_COMMON_BLOCKS = YES;
				GCC_OPTIMIZATION_LEVEL = 0;
				GCC_PREPROCESSOR_DEFINITIONS = (
					"DEBUG=1",
					"$(inherited)",
				);
				GCC_SYMBOLS_PRIVATE_EXTERN = NO;
				GCC_WARN_64_TO_32_BIT_CONVERSION = YES;
				GCC_WARN_ABOUT_RETURN_TYPE = YES_ERROR;
				GCC_WARN_UNDECLARED_SELECTOR = YES;
				GCC_WARN_UNINITIALIZED_AUTOS = YES_AGGRESSIVE;
				GCC_WARN_UNUSED_FUNCTION = YES;
				GCC_WARN_UNUSED_VARIABLE = YES;
				IPHONEOS_DEPLOYMENT_TARGET = 13.4;
				LD_RUNPATH_SEARCH_PATHS = (
					/usr/lib/swift,
					"$(inherited)",
				);
				LIBRARY_SEARCH_PATHS = (
					"\"$(SDKROOT)/usr/lib/swift\"",
					"\"$(TOOLCHAIN_DIR)/usr/lib/swift/$(PLATFORM_NAME)\"",
					"\"$(inherited)\"",
				);
				MTL_ENABLE_DEBUG_INFO = YES;
				ONLY_ACTIVE_ARCH = YES;
				OTHER_CFLAGS = "$(inherited)";
				OTHER_CPLUSPLUSFLAGS = (
					"$(OTHER_CFLAGS)",
					"-DFOLLY_NO_CONFIG",
					"-DFOLLY_MOBILE=1",
					"-DFOLLY_USE_LIBCPP=1",
					"-DFOLLY_CFG_NO_COROUTINES=1",
				);
				OTHER_LDFLAGS = "$(inherited)  ";
				REACT_NATIVE_PATH = "${PODS_ROOT}/../../node_modules/react-native";
				SDKROOT = iphoneos;
				USE_HERMES = true;
			};
			name = Debug;
		};
		83CBBA211A601CBA00E9B192 /* Release */ = {
			isa = XCBuildConfiguration;
			buildSettings = {
				ALWAYS_SEARCH_USER_PATHS = NO;
				CLANG_ANALYZER_LOCALIZABILITY_NONLOCALIZED = YES;
				CLANG_CXX_LANGUAGE_STANDARD = "c++20";
				CLANG_CXX_LIBRARY = "libc++";
				CLANG_ENABLE_MODULES = YES;
				CLANG_ENABLE_OBJC_ARC = YES;
				CLANG_WARN_BLOCK_CAPTURE_AUTORELEASING = YES;
				CLANG_WARN_BOOL_CONVERSION = YES;
				CLANG_WARN_COMMA = YES;
				CLANG_WARN_CONSTANT_CONVERSION = YES;
				CLANG_WARN_DEPRECATED_OBJC_IMPLEMENTATIONS = YES;
				CLANG_WARN_DIRECT_OBJC_ISA_USAGE = YES_ERROR;
				CLANG_WARN_EMPTY_BODY = YES;
				CLANG_WARN_ENUM_CONVERSION = YES;
				CLANG_WARN_INFINITE_RECURSION = YES;
				CLANG_WARN_INT_CONVERSION = YES;
				CLANG_WARN_NON_LITERAL_NULL_CONVERSION = YES;
				CLANG_WARN_OBJC_IMPLICIT_RETAIN_SELF = YES;
				CLANG_WARN_OBJC_LITERAL_CONVERSION = YES;
				CLANG_WARN_OBJC_ROOT_CLASS = YES_ERROR;
				CLANG_WARN_QUOTED_INCLUDE_IN_FRAMEWORK_HEADER = YES;
				CLANG_WARN_RANGE_LOOP_ANALYSIS = YES;
				CLANG_WARN_STRICT_PROTOTYPES = YES;
				CLANG_WARN_SUSPICIOUS_MOVE = YES;
				CLANG_WARN_UNREACHABLE_CODE = YES;
				CLANG_WARN__DUPLICATE_METHOD_MATCH = YES;
				"CODE_SIGN_IDENTITY[sdk=iphoneos*]" = "iPhone Developer";
				COPY_PHASE_STRIP = YES;
				ENABLE_NS_ASSERTIONS = NO;
				ENABLE_STRICT_OBJC_MSGSEND = YES;
				"EXCLUDED_ARCHS[sdk=iphonesimulator*]" = i386;
				GCC_C_LANGUAGE_STANDARD = gnu99;
				GCC_NO_COMMON_BLOCKS = YES;
				GCC_WARN_64_TO_32_BIT_CONVERSION = YES;
				GCC_WARN_ABOUT_RETURN_TYPE = YES_ERROR;
				GCC_WARN_UNDECLARED_SELECTOR = YES;
				GCC_WARN_UNINITIALIZED_AUTOS = YES_AGGRESSIVE;
				GCC_WARN_UNUSED_FUNCTION = YES;
				GCC_WARN_UNUSED_VARIABLE = YES;
				IPHONEOS_DEPLOYMENT_TARGET = 13.4;
				LD_RUNPATH_SEARCH_PATHS = (
					/usr/lib/swift,
					"$(inherited)",
				);
				LIBRARY_SEARCH_PATHS = (
					"\"$(SDKROOT)/usr/lib/swift\"",
					"\"$(TOOLCHAIN_DIR)/usr/lib/swift/$(PLATFORM_NAME)\"",
					"\"$(inherited)\"",
				);
				MTL_ENABLE_DEBUG_INFO = NO;
				OTHER_CFLAGS = "$(inherited)";
				OTHER_CPLUSPLUSFLAGS = (
					"$(OTHER_CFLAGS)",
					"-DFOLLY_NO_CONFIG",
					"-DFOLLY_MOBILE=1",
					"-DFOLLY_USE_LIBCPP=1",
					"-DFOLLY_CFG_NO_COROUTINES=1",
				);
				OTHER_LDFLAGS = "$(inherited)  ";
				REACT_NATIVE_PATH = "${PODS_ROOT}/../../node_modules/react-native";
				SDKROOT = iphoneos;
				USE_HERMES = true;
				VALIDATE_PRODUCT = YES;
			};
			name = Release;
		};
/* End XCBuildConfiguration section */

/* Begin XCConfigurationList section */
		00E357021AD99517003FC87E /* Build configuration list for PBXNativeTarget "coffee_shopTests" */ = {
			isa = XCConfigurationList;
			buildConfigurations = (
				00E356F61AD99517003FC87E /* Debug */,
				00E356F71AD99517003FC87E /* Release */,
			);
			defaultConfigurationIsVisible = 0;
			defaultConfigurationName = Release;
		};
		13B07F931A680F5B00A75B9A /* Build configuration list for PBXNativeTarget "coffee_shop" */ = {
			isa = XCConfigurationList;
			buildConfigurations = (
				13B07F941A680F5B00A75B9A /* Debug */,
				13B07F951A680F5B00A75B9A /* Release */,
			);
			defaultConfigurationIsVisible = 0;
			defaultConfigurationName = Release;
		};
		83CBB9FA1A601CBA00E9B192 /* Build configuration list for PBXProject "coffee_shop" */ = {
			isa = XCConfigurationList;
			buildConfigurations = (
				83CBBA201A601CBA00E9B192 /* Debug */,
				83CBBA211A601CBA00E9B192 /* Release */,
			);
			defaultConfigurationIsVisible = 0;
			defaultConfigurationName = Release;
		};
/* End XCConfigurationList section */
	};
	rootObject = 83CBB9F71A601CBA00E9B192 /* Project object */;
}
